
Microsoft Visual Studio Solution File, Format Version 12.00
# Visual Studio 15
Project("{FAE04EC0-301F-11D3-BF4B-00C04F79EFBC}") = "Assembly-CSharp", "Assembly-CSharp.csproj", "{DF2186C3-5187-A532-D172-D3B6C3D595F9}"
EndProject
Project("{FAE04EC0-301F-11D3-BF4B-00C04F79EFBC}") = "Assembly-CSharp-Editor", "Assembly-CSharp-Editor.csproj", "{1370122A-E2AB-441C-FDC8-93C8BF16101B}"
EndProject
Global
	GlobalSection(SolutionConfigurationPlatforms) = preSolution
		Debug|Any CPU = Debug|Any CPU
		Release|Any CPU = Release|Any CPU
	EndGlobalSection
	GlobalSection(ProjectConfigurationPlatforms) = postSolution
		{DF2186C3-5187-A532-D172-D3B6C3D595F9}.Debug|Any CPU.ActiveCfg = Debug|Any CPU
		{DF2186C3-5187-A532-D172-D3B6C3D595F9}.Debug|Any CPU.Build.0 = Debug|Any CPU
		{DF2186C3-5187-A532-D172-D3B6C3D595F9}.Release|Any CPU.ActiveCfg = Release|Any CPU
		{DF2186C3-5187-A532-D172-D3B6C3D595F9}.Release|Any CPU.Build.0 = Release|Any CPU
		{1370122A-E2AB-441C-FDC8-93C8BF16101B}.Debug|Any CPU.ActiveCfg = Debug|Any CPU
		{1370122A-E2AB-441C-FDC8-93C8BF16101B}.Debug|Any CPU.Build.0 = Debug|Any CPU
		{1370122A-E2AB-441C-FDC8-93C8BF16101B}.Release|Any CPU.ActiveCfg = Release|Any CPU
		{1370122A-E2AB-441C-FDC8-93C8BF16101B}.Release|Any CPU.Build.0 = Release|Any CPU
	EndGlobalSection
	GlobalSection(SolutionProperties) = preSolution
		HideSolutionNode = FALSE
	EndGlobalSection
EndGlobal
